// !$*UTF8*$!
{
	archiveVersion = 1;
	classes = {
	};
	objectVersion = 56;
	objects = {

/* Begin PBXBuildFile section */
		962329F92ACAA5A300935F17 /* AwareSNSApp.swift in Sources */ = {isa = PBXBuildFile; fileRef = 962329F82ACAA5A300935F17 /* AwareSNSApp.swift */; };
		962329FB2ACAA5A300935F17 /* ContentView.swift in Sources */ = {isa = PBXBuildFile; fileRef = 962329FA2ACAA5A300935F17 /* ContentView.swift */; };
		962329FD2ACAA5A700935F17 /* Assets.xcassets in Resources */ = {isa = PBXBuildFile; fileRef = 962329FC2ACAA5A700935F17 /* Assets.xcassets */; };
		96232A002ACAA5A700935F17 /* Preview Assets.xcassets in Resources */ = {isa = PBXBuildFile; fileRef = 962329FF2ACAA5A700935F17 /* Preview Assets.xcassets */; };
		96232A0A2ACAA5F200935F17 /* ApiService.swift in Sources */ = {isa = PBXBuildFile; fileRef = 96232A092ACAA5F200935F17 /* ApiService.swift */; };
		96232A0C2ACAA6D500935F17 /* PostButtonStyle.swift in Sources */ = {isa = PBXBuildFile; fileRef = 96232A0B2ACAA6D500935F17 /* PostButtonStyle.swift */; };
		96232A0E2ACAABF900935F17 /* PostView.swift in Sources */ = {isa = PBXBuildFile; fileRef = 96232A0D2ACAABF900935F17 /* PostView.swift */; };
		96232A112ACAAC7100935F17 /* TimeLineView.swift in Sources */ = {isa = PBXBuildFile; fileRef = 96232A102ACAAC7100935F17 /* TimeLineView.swift */; };
		96232A132ACAAD0C00935F17 /* PostDetailView.swift in Sources */ = {isa = PBXBuildFile; fileRef = 96232A122ACAAD0C00935F17 /* PostDetailView.swift */; };
		96232A172ACAC45100935F17 /* NewPostView.swift in Sources */ = {isa = PBXBuildFile; fileRef = 96232A162ACAC45100935F17 /* NewPostView.swift */; };
		965A43042ACC59B40040369A /* SignInView.swift in Sources */ = {isa = PBXBuildFile; fileRef = 965A43032ACC59B40040369A /* SignInView.swift */; };
		965A43072ACC5B250040369A /* LogInView.swift in Sources */ = {isa = PBXBuildFile; fileRef = 965A43062ACC5B250040369A /* LogInView.swift */; };
		9682483D2ACBCD7200BCA778 /* ReplyView.swift in Sources */ = {isa = PBXBuildFile; fileRef = 9682483C2ACBCD7200BCA778 /* ReplyView.swift */; };
		96F38E162ACB1FDF00E77B72 /* RegisterUserView.swift in Sources */ = {isa = PBXBuildFile; fileRef = 96F38E152ACB1FDF00E77B72 /* RegisterUserView.swift */; };
		96F38E182ACB246500E77B72 /* ProfileView.swift in Sources */ = {isa = PBXBuildFile; fileRef = 96F38E172ACB246500E77B72 /* ProfileView.swift */; };
/* End PBXBuildFile section */

/* Begin PBXFileReference section */
		962329F52ACAA5A300935F17 /* AwareSNS.app */ = {isa = PBXFileReference; explicitFileType = wrapper.application; includeInIndex = 0; path = AwareSNS.app; sourceTree = BUILT_PRODUCTS_DIR; };
		962329F82ACAA5A300935F17 /* AwareSNSApp.swift */ = {isa = PBXFileReference; lastKnownFileType = sourcecode.swift; path = AwareSNSApp.swift; sourceTree = "<group>"; };
		962329FA2ACAA5A300935F17 /* ContentView.swift */ = {isa = PBXFileReference; lastKnownFileType = sourcecode.swift; path = ContentView.swift; sourceTree = "<group>"; };
		962329FC2ACAA5A700935F17 /* Assets.xcassets */ = {isa = PBXFileReference; lastKnownFileType = folder.assetcatalog; path = Assets.xcassets; sourceTree = "<group>"; };
		962329FF2ACAA5A700935F17 /* Preview Assets.xcassets */ = {isa = PBXFileReference; lastKnownFileType = folder.assetcatalog; path = "Preview Assets.xcassets"; sourceTree = "<group>"; };
		96232A092ACAA5F200935F17 /* ApiService.swift */ = {isa = PBXFileReference; lastKnownFileType = sourcecode.swift; path = ApiService.swift; sourceTree = "<group>"; };
		96232A0B2ACAA6D500935F17 /* PostButtonStyle.swift */ = {isa = PBXFileReference; lastKnownFileType = sourcecode.swift; path = PostButtonStyle.swift; sourceTree = "<group>"; };
		96232A0D2ACAABF900935F17 /* PostView.swift */ = {isa = PBXFileReference; lastKnownFileType = sourcecode.swift; path = PostView.swift; sourceTree = "<group>"; };
		96232A102ACAAC7100935F17 /* TimeLineView.swift */ = {isa = PBXFileReference; lastKnownFileType = sourcecode.swift; path = TimeLineView.swift; sourceTree = "<group>"; };
		96232A122ACAAD0C00935F17 /* PostDetailView.swift */ = {isa = PBXFileReference; lastKnownFileType = sourcecode.swift; path = PostDetailView.swift; sourceTree = "<group>"; };
		96232A162ACAC45100935F17 /* NewPostView.swift */ = {isa = PBXFileReference; lastKnownFileType = sourcecode.swift; path = NewPostView.swift; sourceTree = "<group>"; };
		965A43032ACC59B40040369A /* SignInView.swift */ = {isa = PBXFileReference; lastKnownFileType = sourcecode.swift; path = SignInView.swift; sourceTree = "<group>"; };
		965A43062ACC5B250040369A /* LogInView.swift */ = {isa = PBXFileReference; lastKnownFileType = sourcecode.swift; path = LogInView.swift; sourceTree = "<group>"; };
		9682483C2ACBCD7200BCA778 /* ReplyView.swift */ = {isa = PBXFileReference; lastKnownFileType = sourcecode.swift; path = ReplyView.swift; sourceTree = "<group>"; };
		96F38E152ACB1FDF00E77B72 /* RegisterUserView.swift */ = {isa = PBXFileReference; lastKnownFileType = sourcecode.swift; path = RegisterUserView.swift; sourceTree = "<group>"; };
		96F38E172ACB246500E77B72 /* ProfileView.swift */ = {isa = PBXFileReference; lastKnownFileType = sourcecode.swift; path = ProfileView.swift; sourceTree = "<group>"; };
/* End PBXFileReference section */

/* Begin PBXFrameworksBuildPhase section */
		962329F22ACAA5A300935F17 /* Frameworks */ = {
			isa = PBXFrameworksBuildPhase;
			buildActionMask = 2147483647;
			files = (
			);
			runOnlyForDeploymentPostprocessing = 0;
		};
/* End PBXFrameworksBuildPhase section */

/* Begin PBXGroup section */
		962329EC2ACAA5A300935F17 = {
			isa = PBXGroup;
			children = (
				962329F72ACAA5A300935F17 /* AwareSNS */,
				962329F62ACAA5A300935F17 /* Products */,
			);
			sourceTree = "<group>";
		};
		962329F62ACAA5A300935F17 /* Products */ = {
			isa = PBXGroup;
			children = (
				962329F52ACAA5A300935F17 /* AwareSNS.app */,
			);
			name = Products;
			sourceTree = "<group>";
		};
		962329F72ACAA5A300935F17 /* AwareSNS */ = {
			isa = PBXGroup;
			children = (
				96232A082ACAA5BF00935F17 /* Networkings */,
				96232A072ACAA5B900935F17 /* Components */,
				96232A062ACAA5B300935F17 /* Views */,
				962329F82ACAA5A300935F17 /* AwareSNSApp.swift */,
				962329FA2ACAA5A300935F17 /* ContentView.swift */,
				962329FC2ACAA5A700935F17 /* Assets.xcassets */,
				962329FE2ACAA5A700935F17 /* Preview Content */,
			);
			path = AwareSNS;
			sourceTree = "<group>";
		};
		962329FE2ACAA5A700935F17 /* Preview Content */ = {
			isa = PBXGroup;
			children = (
				962329FF2ACAA5A700935F17 /* Preview Assets.xcassets */,
			);
			path = "Preview Content";
			sourceTree = "<group>";
		};
		96232A062ACAA5B300935F17 /* Views */ = {
			isa = PBXGroup;
			children = (
				96F38E152ACB1FDF00E77B72 /* RegisterUserView.swift */,
				96232A162ACAC45100935F17 /* NewPostView.swift */,
				96232A122ACAAD0C00935F17 /* PostDetailView.swift */,
				96232A102ACAAC7100935F17 /* TimeLineView.swift */,
				96F38E172ACB246500E77B72 /* ProfileView.swift */,
			);
			path = Views;
			sourceTree = "<group>";
		};
		96232A072ACAA5B900935F17 /* Components */ = {
			isa = PBXGroup;
			children = (
				96232A0B2ACAA6D500935F17 /* PostButtonStyle.swift */,
				965A43032ACC59B40040369A /* SignInView.swift */,
				9682483C2ACBCD7200BCA778 /* ReplyView.swift */,
				96232A0D2ACAABF900935F17 /* PostView.swift */,
				965A43062ACC5B250040369A /* LogInView.swift */,
			);
			path = Components;
			sourceTree = "<group>";
		};
		96232A082ACAA5BF00935F17 /* Networkings */ = {
			isa = PBXGroup;
			children = (
				96232A092ACAA5F200935F17 /* ApiService.swift */,
			);
			path = Networkings;
			sourceTree = "<group>";
		};
/* End PBXGroup section */

/* Begin PBXNativeTarget section */
		962329F42ACAA5A300935F17 /* AwareSNS */ = {
			isa = PBXNativeTarget;
			buildConfigurationList = 96232A032ACAA5A700935F17 /* Build configuration list for PBXNativeTarget "AwareSNS" */;
			buildPhases = (
				962329F12ACAA5A300935F17 /* Sources */,
				962329F22ACAA5A300935F17 /* Frameworks */,
				962329F32ACAA5A300935F17 /* Resources */,
			);
			buildRules = (
			);
			dependencies = (
			);
			name = AwareSNS;
			productName = AwareSNS;
			productReference = 962329F52ACAA5A300935F17 /* AwareSNS.app */;
			productType = "com.apple.product-type.application";
		};
/* End PBXNativeTarget section */

/* Begin PBXProject section */
		962329ED2ACAA5A300935F17 /* Project object */ = {
			isa = PBXProject;
			attributes = {
				BuildIndependentTargetsInParallel = 1;
				LastSwiftUpdateCheck = 1500;
				LastUpgradeCheck = 1500;
				TargetAttributes = {
					962329F42ACAA5A300935F17 = {
						CreatedOnToolsVersion = 15.0;
					};
				};
			};
			buildConfigurationList = 962329F02ACAA5A300935F17 /* Build configuration list for PBXProject "AwareSNS" */;
			compatibilityVersion = "Xcode 14.0";
			developmentRegion = en;
			hasScannedForEncodings = 0;
			knownRegions = (
				en,
				Base,
			);
			mainGroup = 962329EC2ACAA5A300935F17;
			productRefGroup = 962329F62ACAA5A300935F17 /* Products */;
			projectDirPath = "";
			projectRoot = "";
			targets = (
				962329F42ACAA5A300935F17 /* AwareSNS */,
			);
		};
/* End PBXProject section */

/* Begin PBXResourcesBuildPhase section */
		962329F32ACAA5A300935F17 /* Resources */ = {
			isa = PBXResourcesBuildPhase;
			buildActionMask = 2147483647;
			files = (
				96232A002ACAA5A700935F17 /* Preview Assets.xcassets in Resources */,
				962329FD2ACAA5A700935F17 /* Assets.xcassets in Resources */,
			);
			runOnlyForDeploymentPostprocessing = 0;
		};
/* End PBXResourcesBuildPhase section */

/* Begin PBXSourcesBuildPhase section */
		962329F12ACAA5A300935F17 /* Sources */ = {
			isa = PBXSourcesBuildPhase;
			buildActionMask = 2147483647;
			files = (
				96232A172ACAC45100935F17 /* NewPostView.swift in Sources */,
				962329FB2ACAA5A300935F17 /* ContentView.swift in Sources */,
				96F38E182ACB246500E77B72 /* ProfileView.swift in Sources */,
				96232A112ACAAC7100935F17 /* TimeLineView.swift in Sources */,
				962329F92ACAA5A300935F17 /* AwareSNSApp.swift in Sources */,
				96232A0A2ACAA5F200935F17 /* ApiService.swift in Sources */,
				965A43042ACC59B40040369A /* SignInView.swift in Sources */,
				9682483D2ACBCD7200BCA778 /* ReplyView.swift in Sources */,
				96232A132ACAAD0C00935F17 /* PostDetailView.swift in Sources */,
				96F38E162ACB1FDF00E77B72 /* RegisterUserView.swift in Sources */,
				96232A0E2ACAABF900935F17 /* PostView.swift in Sources */,
				96232A0C2ACAA6D500935F17 /* PostButtonStyle.swift in Sources */,
				965A43072ACC5B250040369A /* LogInView.swift in Sources */,
			);
			runOnlyForDeploymentPostprocessing = 0;
		};
/* End PBXSourcesBuildPhase section */

/* Begin XCBuildConfiguration section */
		96232A012ACAA5A700935F17 /* Debug */ = {
			isa = XCBuildConfiguration;
			buildSettings = {
				ALWAYS_SEARCH_USER_PATHS = NO;
				ASSETCATALOG_COMPILER_GENERATE_SWIFT_ASSET_SYMBOL_EXTENSIONS = YES;
				CLANG_ANALYZER_NONNULL = YES;
				CLANG_ANALYZER_NUMBER_OBJECT_CONVERSION = YES_AGGRESSIVE;
				CLANG_CXX_LANGUAGE_STANDARD = "gnu++20";
				CLANG_ENABLE_MODULES = YES;
				CLANG_ENABLE_OBJC_ARC = YES;
				CLANG_ENABLE_OBJC_WEAK = YES;
				CLANG_WARN_BLOCK_CAPTURE_AUTORELEASING = YES;
				CLANG_WARN_BOOL_CONVERSION = YES;
				CLANG_WARN_COMMA = YES;
				CLANG_WARN_CONSTANT_CONVERSION = YES;
				CLANG_WARN_DEPRECATED_OBJC_IMPLEMENTATIONS = YES;
				CLANG_WARN_DIRECT_OBJC_ISA_USAGE = YES_ERROR;
				CLANG_WARN_DOCUMENTATION_COMMENTS = YES;
				CLANG_WARN_EMPTY_BODY = YES;
				CLANG_WARN_ENUM_CONVERSION = YES;
				CLANG_WARN_INFINITE_RECURSION = YES;
				CLANG_WARN_INT_CONVERSION = YES;
				CLANG_WARN_NON_LITERAL_NULL_CONVERSION = YES;
				CLANG_WARN_OBJC_IMPLICIT_RETAIN_SELF = YES;
				CLANG_WARN_OBJC_LITERAL_CONVERSION = YES;
				CLANG_WARN_OBJC_ROOT_CLASS = YES_ERROR;
				CLANG_WARN_QUOTED_INCLUDE_IN_FRAMEWORK_HEADER = YES;
				CLANG_WARN_RANGE_LOOP_ANALYSIS = YES;
				CLANG_WARN_STRICT_PROTOTYPES = YES;
				CLANG_WARN_SUSPICIOUS_MOVE = YES;
				CLANG_WARN_UNGUARDED_AVAILABILITY = YES_AGGRESSIVE;
				CLANG_WARN_UNREACHABLE_CODE = YES;
				CLANG_WARN__DUPLICATE_METHOD_MATCH = YES;
				COPY_PHASE_STRIP = NO;
				DEBUG_INFORMATION_FORMAT = dwarf;
				ENABLE_STRICT_OBJC_MSGSEND = YES;
				ENABLE_TESTABILITY = YES;
				ENABLE_USER_SCRIPT_SANDBOXING = YES;
				GCC_C_LANGUAGE_STANDARD = gnu17;
				GCC_DYNAMIC_NO_PIC = NO;
				GCC_NO_COMMON_BLOCKS = YES;
				GCC_OPTIMIZATION_LEVEL = 0;
				GCC_PREPROCESSOR_DEFINITIONS = (
					"DEBUG=1",
					"$(inherited)",
				);
				GCC_WARN_64_TO_32_BIT_CONVERSION = YES;
				GCC_WARN_ABOUT_RETURN_TYPE = YES_ERROR;
				GCC_WARN_UNDECLARED_SELECTOR = YES;
				GCC_WARN_UNINITIALIZED_AUTOS = YES_AGGRESSIVE;
				GCC_WARN_UNUSED_FUNCTION = YES;
				GCC_WARN_UNUSED_VARIABLE = YES;
				IPHONEOS_DEPLOYMENT_TARGET = 17.0;
				LOCALIZATION_PREFERS_STRING_CATALOGS = YES;
				MTL_ENABLE_DEBUG_INFO = INCLUDE_SOURCE;
				MTL_FAST_MATH = YES;
				ONLY_ACTIVE_ARCH = YES;
				SDKROOT = iphoneos;
				SWIFT_ACTIVE_COMPILATION_CONDITIONS = "DEBUG $(inherited)";
				SWIFT_OPTIMIZATION_LEVEL = "-Onone";
			};
			name = Debug;
		};
		96232A022ACAA5A700935F17 /* Release */ = {
			isa = XCBuildConfiguration;
			buildSettings = {
				ALWAYS_SEARCH_USER_PATHS = NO;
				ASSETCATALOG_COMPILER_GENERATE_SWIFT_ASSET_SYMBOL_EXTENSIONS = YES;
				CLANG_ANALYZER_NONNULL = YES;
				CLANG_ANALYZER_NUMBER_OBJECT_CONVERSION = YES_AGGRESSIVE;
				CLANG_CXX_LANGUAGE_STANDARD = "gnu++20";
				CLANG_ENABLE_MODULES = YES;
				CLANG_ENABLE_OBJC_ARC = YES;
				CLANG_ENABLE_OBJC_WEAK = YES;
				CLANG_WARN_BLOCK_CAPTURE_AUTORELEASING = YES;
				CLANG_WARN_BOOL_CONVERSION = YES;
				CLANG_WARN_COMMA = YES;
				CLANG_WARN_CONSTANT_CONVERSION = YES;
				CLANG_WARN_DEPRECATED_OBJC_IMPLEMENTATIONS = YES;
				CLANG_WARN_DIRECT_OBJC_ISA_USAGE = YES_ERROR;
				CLANG_WARN_DOCUMENTATION_COMMENTS = YES;
				CLANG_WARN_EMPTY_BODY = YES;
				CLANG_WARN_ENUM_CONVERSION = YES;
				CLANG_WARN_INFINITE_RECURSION = YES;
				CLANG_WARN_INT_CONVERSION = YES;
				CLANG_WARN_NON_LITERAL_NULL_CONVERSION = YES;
				CLANG_WARN_OBJC_IMPLICIT_RETAIN_SELF = YES;
				CLANG_WARN_OBJC_LITERAL_CONVERSION = YES;
				CLANG_WARN_OBJC_ROOT_CLASS = YES_ERROR;
				CLANG_WARN_QUOTED_INCLUDE_IN_FRAMEWORK_HEADER = YES;
				CLANG_WARN_RANGE_LOOP_ANALYSIS = YES;
				CLANG_WARN_STRICT_PROTOTYPES = YES;
				CLANG_WARN_SUSPICIOUS_MOVE = YES;
				CLANG_WARN_UNGUARDED_AVAILABILITY = YES_AGGRESSIVE;
				CLANG_WARN_UNREACHABLE_CODE = YES;
				CLANG_WARN__DUPLICATE_METHOD_MATCH = YES;
				COPY_PHASE_STRIP = NO;
				DEBUG_INFORMATION_FORMAT = "dwarf-with-dsym";
				ENABLE_NS_ASSERTIONS = NO;
				ENABLE_STRICT_OBJC_MSGSEND = YES;
				ENABLE_USER_SCRIPT_SANDBOXING = YES;
				GCC_C_LANGUAGE_STANDARD = gnu17;
				GCC_NO_COMMON_BLOCKS = YES;
				GCC_WARN_64_TO_32_BIT_CONVERSION = YES;
				GCC_WARN_ABOUT_RETURN_TYPE = YES_ERROR;
				GCC_WARN_UNDECLARED_SELECTOR = YES;
				GCC_WARN_UNINITIALIZED_AUTOS = YES_AGGRESSIVE;
				GCC_WARN_UNUSED_FUNCTION = YES;
				GCC_WARN_UNUSED_VARIABLE = YES;
				IPHONEOS_DEPLOYMENT_TARGET = 17.0;
				LOCALIZATION_PREFERS_STRING_CATALOGS = YES;
				MTL_ENABLE_DEBUG_INFO = NO;
				MTL_FAST_MATH = YES;
				SDKROOT = iphoneos;
				SWIFT_COMPILATION_MODE = wholemodule;
				VALIDATE_PRODUCT = YES;
			};
			name = Release;
		};
		96232A042ACAA5A700935F17 /* Debug */ = {
			isa = XCBuildConfiguration;
			buildSettings = {
				ASSETCATALOG_COMPILER_APPICON_NAME = AppIcon;
				ASSETCATALOG_COMPILER_GLOBAL_ACCENT_COLOR_NAME = AccentColor;
				CODE_SIGN_STYLE = Automatic;
				CURRENT_PROJECT_VERSION = 1;
				DEVELOPMENT_ASSET_PATHS = "\"AwareSNS/Preview Content\"";
				DEVELOPMENT_TEAM = N9L55J9YJ6;
				ENABLE_PREVIEWS = YES;
				GENERATE_INFOPLIST_FILE = YES;
				INFOPLIST_KEY_UIApplicationSceneManifest_Generation = YES;
				INFOPLIST_KEY_UIApplicationSupportsIndirectInputEvents = YES;
				INFOPLIST_KEY_UILaunchScreen_Generation = YES;
				INFOPLIST_KEY_UISupportedInterfaceOrientations_iPad = "UIInterfaceOrientationPortrait UIInterfaceOrientationPortraitUpsideDown UIInterfaceOrientationLandscapeLeft UIInterfaceOrientationLandscapeRight";
				INFOPLIST_KEY_UISupportedInterfaceOrientations_iPhone = "UIInterfaceOrientationPortrait UIInterfaceOrientationLandscapeLeft UIInterfaceOrientationLandscapeRight";
				LD_RUNPATH_SEARCH_PATHS = (
					"$(inherited)",
					"@executable_path/Frameworks",
				);
				MARKETING_VERSION = 1.0;
				PRODUCT_BUNDLE_IDENTIFIER = com.inuiyuki0904.AwareSNS;
				PRODUCT_NAME = "$(TARGET_NAME)";
				SWIFT_EMIT_LOC_STRINGS = YES;
				SWIFT_VERSION = 5.0;
				TARGETED_DEVICE_FAMILY = "1,2";
			};
			name = Debug;
		};
		96232A052ACAA5A700935F17 /* Release */ = {
			isa = XCBuildConfiguration;
			buildSettings = {
				ASSETCATALOG_COMPILER_APPICON_NAME = AppIcon;
				ASSETCATALOG_COMPILER_GLOBAL_ACCENT_COLOR_NAME = AccentColor;
				CODE_SIGN_STYLE = Automatic;
				CURRENT_PROJECT_VERSION = 1;
				DEVELOPMENT_ASSET_PATHS = "\"AwareSNS/Preview Content\"";
				DEVELOPMENT_TEAM = N9L55J9YJ6;
				ENABLE_PREVIEWS = YES;
				GENERATE_INFOPLIST_FILE = YES;
				INFOPLIST_KEY_UIApplicationSceneManifest_Generation = YES;
				INFOPLIST_KEY_UIApplicationSupportsIndirectInputEvents = YES;
				INFOPLIST_KEY_UILaunchScreen_Generation = YES;
				INFOPLIST_KEY_UISupportedInterfaceOrientations_iPad = "UIInterfaceOrientationPortrait UIInterfaceOrientationPortraitUpsideDown UIInterfaceOrientationLandscapeLeft UIInterfaceOrientationLandscapeRight";
				INFOPLIST_KEY_UISupportedInterfaceOrientations_iPhone = "UIInterfaceOrientationPortrait UIInterfaceOrientationLandscapeLeft UIInterfaceOrientationLandscapeRight";
				LD_RUNPATH_SEARCH_PATHS = (
					"$(inherited)",
					"@executable_path/Frameworks",
				);
				MARKETING_VERSION = 1.0;
				PRODUCT_BUNDLE_IDENTIFIER = com.inuiyuki0904.AwareSNS;
				PRODUCT_NAME = "$(TARGET_NAME)";
				SWIFT_EMIT_LOC_STRINGS = YES;
				SWIFT_VERSION = 5.0;
				TARGETED_DEVICE_FAMILY = "1,2";
			};
			name = Release;
		};
/* End XCBuildConfiguration section */

/* Begin XCConfigurationList section */
		962329F02ACAA5A300935F17 /* Build configuration list for PBXProject "AwareSNS" */ = {
			isa = XCConfigurationList;
			buildConfigurations = (
				96232A012ACAA5A700935F17 /* Debug */,
				96232A022ACAA5A700935F17 /* Release */,
			);
			defaultConfigurationIsVisible = 0;
			defaultConfigurationName = Release;
		};
		96232A032ACAA5A700935F17 /* Build configuration list for PBXNativeTarget "AwareSNS" */ = {
			isa = XCConfigurationList;
			buildConfigurations = (
				96232A042ACAA5A700935F17 /* Debug */,
				96232A052ACAA5A700935F17 /* Release */,
			);
			defaultConfigurationIsVisible = 0;
			defaultConfigurationName = Release;
		};
/* End XCConfigurationList section */
	};
	rootObject = 962329ED2ACAA5A300935F17 /* Project object */;
}
